<?xml version="1.0" encoding="utf-8"?>
<Project ToolsVersion="4.0" xmlns="http://schemas.microsoft.com/developer/msbuild/2003">
  <ItemGroup>
    <ClCompile Include="Main.cpp" />
    <ClCompile Include="Cube\BaseCube.cpp">
      <Filter>Cube</Filter>
    </ClCompile>
    <ClCompile Include="Cube\Cube.cpp">
      <Filter>Cube</Filter>
    </ClCompile>
    <ClCompile Include="Cube\RotatingCube.cpp">
      <Filter>Cube</Filter>
    </ClCompile>
    <ClCompile Include="Light\RotatingPointLight.cpp">
      <Filter>Light</Filter>
    </ClCompile>
  </ItemGroup>
  <ItemGroup>
    <Filter Include="Cube">
      <UniqueIdentifier>{ad465471-c7b6-49f6-b837-2ff8b8561b9a}</UniqueIdentifier>
    </Filter>
    <Filter Include="Shaders">
      <UniqueIdentifier>{7f754f70-524b-4b30-8d27-695045a43c07}</UniqueIdentifier>
    </Filter>
    <Filter Include="Light">
      <UniqueIdentifier>{9891c6c7-67fb-406c-9741-1178913f961a}</UniqueIdentifier>
    </Filter>
  </ItemGroup>
  <ItemGroup>
    <ClInclude Include="Cube\BaseCube.h">
      <Filter>Cube</Filter>
    </ClInclude>
    <ClInclude Include="Cube\Cube.h">
      <Filter>Cube</Filter>
    </ClInclude>
    <ClInclude Include="Cube\RotatingCube.h">
      <Filter>Cube</Filter>
    </ClInclude>
    <ClInclude Include="Light\RotatingPointLight.h">
      <Filter>Light</Filter>
    </ClInclude>
  </ItemGroup>
  <ItemGroup>
    <FxCompile Include="Shaders\PS.hlsl">
      <Filter>Shaders</Filter>
    </FxCompile>
    <FxCompile Include="Shaders\PSSolid.hlsl">
      <Filter>Shaders</Filter>
    </FxCompile>
    <FxCompile Include="Shaders\Shader.fx">
      <Filter>Shaders</Filter>
    </FxCompile>
    <FxCompile Include="Shaders\VS.hlsl">
      <Filter>Shaders</Filter>
    </FxCompile>
    <FxCompile Include="Shaders\SkinningShader.fx">
      <Filter>Shaders</Filter>
    </FxCompile>
  </ItemGroup>
  <ItemGroup>
    <Image Include="seafloor.dds" />
  </ItemGroup>
</Project>